# This file is automatically @generated by Cargo.
# It is not intended for manual editing.
version = 3

[[package]]
name = "allegro"
version = "0.0.44"
source = "registry+https://github.com/rust-lang/crates.io-index"
checksum = "5fb1d5b41b352c063a96d44077b729e44dabb9e60e5ff0f4daf5307a9129ff5a"
dependencies = [
 "allegro-sys",
 "allegro_util",
 "lazy_static",
 "libc",
]

[[package]]
name = "allegro-sys"
version = "0.0.44"
source = "registry+https://github.com/rust-lang/crates.io-index"
checksum = "6418db699da86b0eafa49f5b5911946f8e5c3bef993721a969d4bdac5e0d1207"
dependencies = [
 "allegro_util",
 "libc",
]

[[package]]
name = "allegro_primitives"
version = "0.0.44"
source = "registry+https://github.com/rust-lang/crates.io-index"
checksum = "64fe31d45d93983cff866151cf39752fc9a1224d621227ab9155d6fa26446806"
dependencies = [
 "allegro",
 "allegro-sys",
 "allegro_primitives-sys",
 "libc",
]

[[package]]
name = "allegro_primitives-sys"
version = "0.0.44"
source = "registry+https://github.com/rust-lang/crates.io-index"
checksum = "940e0da99aa94077180b581cb7d1befeebabc50bdcaf9ba982248733721bd4ee"
dependencies = [
 "allegro-sys",
 "allegro_util",
 "libc",
]

[[package]]
name = "allegro_util"
version = "0.0.44"
source = "registry+https://github.com/rust-lang/crates.io-index"
checksum = "a14d47c8987b631b22dde9ddc2e40f35848d494c55a1e2d0e281685110498900"
dependencies = [
 "libc",
]

[[package]]
name = "board-editor"
version = "0.1.0"
dependencies = [
 "allegro",
 "allegro_primitives",
]

[[package]]
name = "lazy_static"
version = "1.4.0"
source = "registry+https://github.com/rust-lang/crates.io-index"
checksum = "e2abad23fbc42b3700f2f279844dc832adb2b2eb069b2df918f455c4e18cc646"

[[package]]
name = "libc"
version = "0.2.142"
source = "registry+https://github.com/rust-lang/crates.io-index"
checksum = "6a987beff54b60ffa6d51982e1aa1146bc42f19bd26be28b0586f252fccf5317"
