# This file is automatically @generated by Cargo.
# It is not intended for manual editing.
version = 3

[[package]]
name = "allegro"
version = "0.0.44"
source = "registry+https://github.com/rust-lang/crates.io-index"
checksum = "5fb1d5b41b352c063a96d44077b729e44dabb9e60e5ff0f4daf5307a9129ff5a"
dependencies = [
 "allegro-sys",
 "allegro_util",
 "lazy_static",
 "libc",
]

[[package]]
name = "allegro-sys"
version = "0.0.44"
source = "registry+https://github.com/rust-lang/crates.io-index"
checksum = "6418db699da86b0eafa49f5b5911946f8e5c3bef993721a969d4bdac5e0d1207"
dependencies = [
 "allegro_util",
 "libc",
]

[[package]]
name = "allegro_font"
version = "0.0.44"
source = "registry+https://github.com/rust-lang/crates.io-index"
checksum = "db238e7cc1786e29a76351de0a3674a89c923a58a92262e489c0a5114c8b451b"
dependencies = [
 "allegro",
 "allegro-sys",
 "allegro_font-sys",
 "allegro_util",
 "libc",
]

[[package]]
name = "allegro_font-sys"
version = "0.0.44"
source = "registry+https://github.com/rust-lang/crates.io-index"
checksum = "eb7f196e24175f5f5cc0aaa161c31f761c54630f141e5699c9316e1a677b53a6"
dependencies = [
 "allegro-sys",
 "allegro_util",
 "libc",
]

[[package]]
name = "allegro_image"
version = "0.0.44"
source = "registry+https://github.com/rust-lang/crates.io-index"
checksum = "888429aa6920cbdc678fa335cd49addc01c22e7c67c49e1aedc124416bcc596b"
dependencies = [
 "allegro",
 "allegro_image-sys",
 "allegro_util",
 "libc",
]

[[package]]
name = "allegro_image-sys"
version = "0.0.44"
source = "registry+https://github.com/rust-lang/crates.io-index"
checksum = "7fa13e4076c5ca98b27c3867d8443a74280704d038e8cbe708a3ca09a578ca3e"
dependencies = [
 "allegro_util",
 "libc",
]

[[package]]
name = "allegro_primitives"
version = "0.0.44"
source = "registry+https://github.com/rust-lang/crates.io-index"
checksum = "64fe31d45d93983cff866151cf39752fc9a1224d621227ab9155d6fa26446806"
dependencies = [
 "allegro",
 "allegro-sys",
 "allegro_primitives-sys",
 "libc",
]

[[package]]
name = "allegro_primitives-sys"
version = "0.0.44"
source = "registry+https://github.com/rust-lang/crates.io-index"
checksum = "940e0da99aa94077180b581cb7d1befeebabc50bdcaf9ba982248733721bd4ee"
dependencies = [
 "allegro-sys",
 "allegro_util",
 "libc",
]

[[package]]
name = "allegro_ttf"
version = "0.0.44"
source = "registry+https://github.com/rust-lang/crates.io-index"
checksum = "563a128324e4231ab1620771b00c2840dcca855d1cf3018f43d1161166dd476b"
dependencies = [
 "allegro",
 "allegro_font",
 "allegro_ttf-sys",
 "allegro_util",
 "libc",
]

[[package]]
name = "allegro_ttf-sys"
version = "0.0.44"
source = "registry+https://github.com/rust-lang/crates.io-index"
checksum = "8af8d6a3493b1eaec26b702ef155066d694667f59cb1b98d3dbe8be5d17a8536"
dependencies = [
 "allegro-sys",
 "allegro_font-sys",
 "allegro_util",
 "libc",
]

[[package]]
name = "allegro_util"
version = "0.0.44"
source = "registry+https://github.com/rust-lang/crates.io-index"
checksum = "a14d47c8987b631b22dde9ddc2e40f35848d494c55a1e2d0e281685110498900"
dependencies = [
 "libc",
]

[[package]]
name = "board-editor"
version = "0.1.0"
dependencies = [
 "allegro",
 "allegro-sys",
 "allegro_font",
 "allegro_image",
 "allegro_primitives",
 "allegro_ttf",
]

[[package]]
name = "lazy_static"
version = "1.4.0"
source = "registry+https://github.com/rust-lang/crates.io-index"
checksum = "e2abad23fbc42b3700f2f279844dc832adb2b2eb069b2df918f455c4e18cc646"

[[package]]
name = "libc"
version = "0.2.142"
source = "registry+https://github.com/rust-lang/crates.io-index"
checksum = "6a987beff54b60ffa6d51982e1aa1146bc42f19bd26be28b0586f252fccf5317"
